
Microsoft Visual Studio Solution File, Format Version 12.00
# Visual Studio Version 17
VisualStudioVersion = 17.0.31903.59
MinimumVisualStudioVersion = 10.0.40219.1
Project("{9A19103F-16F7-4668-BE54-9A1E7A4F7556}") = "FirstConsoleApp", "ConsoleApplications\FirstConsoleApp\FirstConsoleApp.csproj", "{9093D2B9-D43C-4DF4-A294-4EB42F37BEB4}"
EndProject
Project("{FAE04EC0-301F-11D3-BF4B-00C04F79EFBC}") = "SecondConsoleApp", "ConsoleApplications\SecondConsoleApp\SecondConsoleApp.csproj", "{69B1CEE0-511D-43B1-B06B-F500D662E90B}"
EndProject
Project("{FAE04EC0-301F-11D3-BF4B-00C04F79EFBC}") = "CSharpArraysDemo", "CSharpArraysDemo\CSharpArraysDemo.csproj", "{BFD5A534-00FF-41DB-B481-C843B80CC13A}"
EndProject
Project("{FAE04EC0-301F-11D3-BF4B-00C04F79EFBC}") = "ArrayManipulations", "ArrayManipulations\ArrayManipulations.csproj", "{4079EED2-09AB-47E5-AE30-F6D9015760CD}"
EndProject
Project("{FAE04EC0-301F-11D3-BF4B-00C04F79EFBC}") = "WindowsFormsShoppingApp", "WindowsFormsShoppingApp\WindowsFormsShoppingApp.csproj", "{35D2BC92-032A-44C8-8955-9C85ABDC5C6B}"
EndProject
Project("{2150E333-8FDC-42A3-9474-1A3956D46DE8}") = "Authentication", "Authentication", "{C636879A-349D-481E-9231-A192809635D4}"
EndProject
Project("{2150E333-8FDC-42A3-9474-1A3956D46DE8}") = "Database Programming", "Database Programming", "{034E6481-8323-48FF-829E-8E9EA4676125}"
EndProject
Project("{FAE04EC0-301F-11D3-BF4B-00C04F79EFBC}") = "EFDatabaseFirst", "EFDemoApp\EFDatabaseFirst.csproj", "{1FA4EA4F-C76B-4695-965F-B3865F6BC818}"
EndProject
Project("{FAE04EC0-301F-11D3-BF4B-00C04F79EFBC}") = "EFCodeFirst", "EFCodeFirst\EFCodeFirst.csproj", "{5555CEC5-775F-48D0-8178-7CABE534AE3C}"
EndProject
Project("{2150E333-8FDC-42A3-9474-1A3956D46DE8}") = "Web Programming", "Web Programming", "{1EA8F791-E64C-4A8F-9ECC-A06EBAA9E4BC}"
EndProject
Project("{FAE04EC0-301F-11D3-BF4B-00C04F79EFBC}") = "OnlineStore", "WebProgramming\OlineStore\OnlineStore.csproj", "{B026514B-EB80-40E8-BC1D-478D1EB98FB9}"
EndProject
Project("{FAE04EC0-301F-11D3-BF4B-00C04F79EFBC}") = "ECoomerceApp", "WebProgramming\ECoomerceApp\ECoomerceApp.csproj", "{7A0A4A1E-0F13-465B-BFEC-ECF3B52D3C58}"
EndProject
Global
	GlobalSection(SolutionConfigurationPlatforms) = preSolution
		Debug|Any CPU = Debug|Any CPU
		Release|Any CPU = Release|Any CPU
	EndGlobalSection
	GlobalSection(ProjectConfigurationPlatforms) = postSolution
		{9093D2B9-D43C-4DF4-A294-4EB42F37BEB4}.Debug|Any CPU.ActiveCfg = Debug|Any CPU
		{9093D2B9-D43C-4DF4-A294-4EB42F37BEB4}.Debug|Any CPU.Build.0 = Debug|Any CPU
		{9093D2B9-D43C-4DF4-A294-4EB42F37BEB4}.Release|Any CPU.ActiveCfg = Release|Any CPU
		{9093D2B9-D43C-4DF4-A294-4EB42F37BEB4}.Release|Any CPU.Build.0 = Release|Any CPU
		{69B1CEE0-511D-43B1-B06B-F500D662E90B}.Debug|Any CPU.ActiveCfg = Debug|Any CPU
		{69B1CEE0-511D-43B1-B06B-F500D662E90B}.Debug|Any CPU.Build.0 = Debug|Any CPU
		{69B1CEE0-511D-43B1-B06B-F500D662E90B}.Release|Any CPU.ActiveCfg = Release|Any CPU
		{69B1CEE0-511D-43B1-B06B-F500D662E90B}.Release|Any CPU.Build.0 = Release|Any CPU
		{BFD5A534-00FF-41DB-B481-C843B80CC13A}.Debug|Any CPU.ActiveCfg = Debug|Any CPU
		{BFD5A534-00FF-41DB-B481-C843B80CC13A}.Debug|Any CPU.Build.0 = Debug|Any CPU
		{BFD5A534-00FF-41DB-B481-C843B80CC13A}.Release|Any CPU.ActiveCfg = Release|Any CPU
		{BFD5A534-00FF-41DB-B481-C843B80CC13A}.Release|Any CPU.Build.0 = Release|Any CPU
		{4079EED2-09AB-47E5-AE30-F6D9015760CD}.Debug|Any CPU.ActiveCfg = Debug|Any CPU
		{4079EED2-09AB-47E5-AE30-F6D9015760CD}.Debug|Any CPU.Build.0 = Debug|Any CPU
		{4079EED2-09AB-47E5-AE30-F6D9015760CD}.Release|Any CPU.ActiveCfg = Release|Any CPU
		{4079EED2-09AB-47E5-AE30-F6D9015760CD}.Release|Any CPU.Build.0 = Release|Any CPU
		{35D2BC92-032A-44C8-8955-9C85ABDC5C6B}.Debug|Any CPU.ActiveCfg = Debug|Any CPU
		{35D2BC92-032A-44C8-8955-9C85ABDC5C6B}.Debug|Any CPU.Build.0 = Debug|Any CPU
		{35D2BC92-032A-44C8-8955-9C85ABDC5C6B}.Release|Any CPU.ActiveCfg = Release|Any CPU
		{35D2BC92-032A-44C8-8955-9C85ABDC5C6B}.Release|Any CPU.Build.0 = Release|Any CPU
		{1FA4EA4F-C76B-4695-965F-B3865F6BC818}.Debug|Any CPU.ActiveCfg = Debug|Any CPU
		{1FA4EA4F-C76B-4695-965F-B3865F6BC818}.Debug|Any CPU.Build.0 = Debug|Any CPU
		{1FA4EA4F-C76B-4695-965F-B3865F6BC818}.Release|Any CPU.ActiveCfg = Release|Any CPU
		{1FA4EA4F-C76B-4695-965F-B3865F6BC818}.Release|Any CPU.Build.0 = Release|Any CPU
		{5555CEC5-775F-48D0-8178-7CABE534AE3C}.Debug|Any CPU.ActiveCfg = Debug|Any CPU
		{5555CEC5-775F-48D0-8178-7CABE534AE3C}.Debug|Any CPU.Build.0 = Debug|Any CPU
		{5555CEC5-775F-48D0-8178-7CABE534AE3C}.Release|Any CPU.ActiveCfg = Release|Any CPU
		{5555CEC5-775F-48D0-8178-7CABE534AE3C}.Release|Any CPU.Build.0 = Release|Any CPU
		{B026514B-EB80-40E8-BC1D-478D1EB98FB9}.Debug|Any CPU.ActiveCfg = Debug|Any CPU
		{B026514B-EB80-40E8-BC1D-478D1EB98FB9}.Debug|Any CPU.Build.0 = Debug|Any CPU
		{B026514B-EB80-40E8-BC1D-478D1EB98FB9}.Release|Any CPU.ActiveCfg = Release|Any CPU
		{B026514B-EB80-40E8-BC1D-478D1EB98FB9}.Release|Any CPU.Build.0 = Release|Any CPU
		{7A0A4A1E-0F13-465B-BFEC-ECF3B52D3C58}.Debug|Any CPU.ActiveCfg = Debug|Any CPU
		{7A0A4A1E-0F13-465B-BFEC-ECF3B52D3C58}.Debug|Any CPU.Build.0 = Debug|Any CPU
		{7A0A4A1E-0F13-465B-BFEC-ECF3B52D3C58}.Release|Any CPU.ActiveCfg = Release|Any CPU
		{7A0A4A1E-0F13-465B-BFEC-ECF3B52D3C58}.Release|Any CPU.Build.0 = Release|Any CPU
	EndGlobalSection
	GlobalSection(SolutionProperties) = preSolution
		HideSolutionNode = FALSE
	EndGlobalSection
	GlobalSection(NestedProjects) = preSolution
		{1FA4EA4F-C76B-4695-965F-B3865F6BC818} = {034E6481-8323-48FF-829E-8E9EA4676125}
		{5555CEC5-775F-48D0-8178-7CABE534AE3C} = {034E6481-8323-48FF-829E-8E9EA4676125}
		{B026514B-EB80-40E8-BC1D-478D1EB98FB9} = {1EA8F791-E64C-4A8F-9ECC-A06EBAA9E4BC}
		{7A0A4A1E-0F13-465B-BFEC-ECF3B52D3C58} = {1EA8F791-E64C-4A8F-9ECC-A06EBAA9E4BC}
	EndGlobalSection
	GlobalSection(ExtensibilityGlobals) = postSolution
		SolutionGuid = {FB81C132-42C0-4F8B-887B-B99CB6370AF5}
	EndGlobalSection
EndGlobal
